
Microsoft Visual Studio Solution File, Format Version 12.00
# Visual Studio Version 16
VisualStudioVersion = 16.0.31321.278
MinimumVisualStudioVersion = 10.0.40219.1
Project("{9A19103F-16F7-4668-BE54-9A1E7A4F7556}") = "FacebookInformationPoster", "FacebookInformationPoster\FacebookInformationPoster.csproj", "{29E669E0-1F99-4F71-B845-99908E362C87}"
EndProject
Project("{FAE04EC0-301F-11D3-BF4B-00C04F79EFBC}") = "FacebookInformationPoster.Tests", "FacebookInformationPoster.Tests\FacebookInformationPoster.Tests.csproj", "{2EB6B933-319D-419A-8944-4DB246E2C6F6}"
EndProject
Global
	GlobalSection(SolutionConfigurationPlatforms) = preSolution
		Debug|Any CPU = Debug|Any CPU
		Release|Any CPU = Release|Any CPU
	EndGlobalSection
	GlobalSection(ProjectConfigurationPlatforms) = postSolution
		{29E669E0-1F99-4F71-B845-99908E362C87}.Debug|Any CPU.ActiveCfg = Debug|Any CPU
		{29E669E0-1F99-4F71-B845-99908E362C87}.Debug|Any CPU.Build.0 = Debug|Any CPU
		{29E669E0-1F99-4F71-B845-99908E362C87}.Release|Any CPU.ActiveCfg = Release|Any CPU
		{29E669E0-1F99-4F71-B845-99908E362C87}.Release|Any CPU.Build.0 = Release|Any CPU
		{2EB6B933-319D-419A-8944-4DB246E2C6F6}.Debug|Any CPU.ActiveCfg = Debug|Any CPU
		{2EB6B933-319D-419A-8944-4DB246E2C6F6}.Debug|Any CPU.Build.0 = Debug|Any CPU
		{2EB6B933-319D-419A-8944-4DB246E2C6F6}.Release|Any CPU.ActiveCfg = Release|Any CPU
		{2EB6B933-319D-419A-8944-4DB246E2C6F6}.Release|Any CPU.Build.0 = Release|Any CPU
	EndGlobalSection
	GlobalSection(SolutionProperties) = preSolution
		HideSolutionNode = FALSE
	EndGlobalSection
	GlobalSection(ExtensibilityGlobals) = postSolution
		SolutionGuid = {A37FD03E-AF58-4C62-A766-7BD617EF3ACE}
	EndGlobalSection
EndGlobal
